PODS:
  - TableViewDataProvider (3.0.1)

DEPENDENCIES:
  - TableViewDataProvider (from `../`)

EXTERNAL SOURCES:
  TableViewDataProvider:
    :path: "../"

SPEC CHECKSUMS:
  TableViewDataProvider: f9097ba00f2af3c0519cc30478808e75e6e023c1

PODFILE CHECKSUM: a6a6e3f92793f1dcbbf6fa2b03bf504b28b66998

COCOAPODS: 1.8.4
