PODS:
  - TableViewDataProvider (2.0.0)

DEPENDENCIES:
  - TableViewDataProvider (from `../`)

EXTERNAL SOURCES:
  TableViewDataProvider:
    :path: "../"

SPEC CHECKSUMS:
  TableViewDataProvider: 4712b4d3b290b63b0e08dbef0da619008c2f8c9f

PODFILE CHECKSUM: a6a6e3f92793f1dcbbf6fa2b03bf504b28b66998

COCOAPODS: 1.8.4
