PODS:
  - TableViewDataProvider (3.0.0)

DEPENDENCIES:
  - TableViewDataProvider (from `../`)

EXTERNAL SOURCES:
  TableViewDataProvider:
    :path: "../"

SPEC CHECKSUMS:
  TableViewDataProvider: 18698c8ec7ee8be205e224ce58839f1538fac0b2

PODFILE CHECKSUM: a6a6e3f92793f1dcbbf6fa2b03bf504b28b66998

COCOAPODS: 1.8.4
